
Microsoft Visual Studio Solution File, Format Version 12.00
# Visual Studio Version 16
VisualStudioVersion = 16.0.29613.14
MinimumVisualStudioVersion = 10.0.40219.1
Project("{FAE04EC0-301F-11D3-BF4B-00C04F79EFBC}") = "Olympiad.UWP", "Olympiad\Olympiad.UWP\Olympiad.UWP.csproj", "{0C28E02A-35FC-46C9-8F39-D53A12A4E06A}"
EndProject
Project("{FAE04EC0-301F-11D3-BF4B-00C04F79EFBC}") = "Olympiad.Android", "Olympiad\Olympiad.Android\Olympiad.Android.csproj", "{33EC7119-5008-4B0A-AADB-EBAC03DDFD37}"
EndProject
Project("{FAE04EC0-301F-11D3-BF4B-00C04F79EFBC}") = "Olympiad.iOS", "Olympiad\Olympiad.iOS\Olympiad.iOS.csproj", "{E20F2194-C67D-4BB4-9929-F8D830DD9DFE}"
EndProject
Project("{9A19103F-16F7-4668-BE54-9A1E7A4F7556}") = "Olympiad", "Olympiad\Olympiad\Olympiad.csproj", "{25BEB5E7-8155-4778-B537-1DB3D58AB938}"
EndProject
Project("{FAE04EC0-301F-11D3-BF4B-00C04F79EFBC}") = "OlympiadLibrary", "OlympiadLibrary\OlympiadLibrary.csproj", "{AE2C853C-3F2E-40D1-9CF7-5CEB6C2A2384}"
EndProject
Global
	GlobalSection(SolutionConfigurationPlatforms) = preSolution
		Debug|Any CPU = Debug|Any CPU
		Debug|ARM = Debug|ARM
		Debug|iPhone = Debug|iPhone
		Debug|iPhoneSimulator = Debug|iPhoneSimulator
		Debug|x64 = Debug|x64
		Debug|x86 = Debug|x86
		Release|Any CPU = Release|Any CPU
		Release|ARM = Release|ARM
		Release|iPhone = Release|iPhone
		Release|iPhoneSimulator = Release|iPhoneSimulator
		Release|x64 = Release|x64
		Release|x86 = Release|x86
	EndGlobalSection
	GlobalSection(ProjectConfigurationPlatforms) = postSolution
		{0C28E02A-35FC-46C9-8F39-D53A12A4E06A}.Debug|Any CPU.ActiveCfg = Debug|x86
		{0C28E02A-35FC-46C9-8F39-D53A12A4E06A}.Debug|Any CPU.Build.0 = Debug|x86
		{0C28E02A-35FC-46C9-8F39-D53A12A4E06A}.Debug|Any CPU.Deploy.0 = Debug|x86
		{0C28E02A-35FC-46C9-8F39-D53A12A4E06A}.Debug|ARM.ActiveCfg = Debug|ARM
		{0C28E02A-35FC-46C9-8F39-D53A12A4E06A}.Debug|ARM.Build.0 = Debug|ARM
		{0C28E02A-35FC-46C9-8F39-D53A12A4E06A}.Debug|ARM.Deploy.0 = Debug|ARM
		{0C28E02A-35FC-46C9-8F39-D53A12A4E06A}.Debug|iPhone.ActiveCfg = Debug|x86
		{0C28E02A-35FC-46C9-8F39-D53A12A4E06A}.Debug|iPhone.Build.0 = Debug|x86
		{0C28E02A-35FC-46C9-8F39-D53A12A4E06A}.Debug|iPhone.Deploy.0 = Debug|x86
		{0C28E02A-35FC-46C9-8F39-D53A12A4E06A}.Debug|iPhoneSimulator.ActiveCfg = Debug|x86
		{0C28E02A-35FC-46C9-8F39-D53A12A4E06A}.Debug|iPhoneSimulator.Build.0 = Debug|x86
		{0C28E02A-35FC-46C9-8F39-D53A12A4E06A}.Debug|iPhoneSimulator.Deploy.0 = Debug|x86
		{0C28E02A-35FC-46C9-8F39-D53A12A4E06A}.Debug|x64.ActiveCfg = Debug|x64
		{0C28E02A-35FC-46C9-8F39-D53A12A4E06A}.Debug|x64.Build.0 = Debug|x64
		{0C28E02A-35FC-46C9-8F39-D53A12A4E06A}.Debug|x64.Deploy.0 = Debug|x64
		{0C28E02A-35FC-46C9-8F39-D53A12A4E06A}.Debug|x86.ActiveCfg = Debug|x86
		{0C28E02A-35FC-46C9-8F39-D53A12A4E06A}.Debug|x86.Build.0 = Debug|x86
		{0C28E02A-35FC-46C9-8F39-D53A12A4E06A}.Debug|x86.Deploy.0 = Debug|x86
		{0C28E02A-35FC-46C9-8F39-D53A12A4E06A}.Release|Any CPU.ActiveCfg = Release|x86
		{0C28E02A-35FC-46C9-8F39-D53A12A4E06A}.Release|Any CPU.Build.0 = Release|x86
		{0C28E02A-35FC-46C9-8F39-D53A12A4E06A}.Release|Any CPU.Deploy.0 = Release|x86
		{0C28E02A-35FC-46C9-8F39-D53A12A4E06A}.Release|ARM.ActiveCfg = Release|ARM
		{0C28E02A-35FC-46C9-8F39-D53A12A4E06A}.Release|ARM.Build.0 = Release|ARM
		{0C28E02A-35FC-46C9-8F39-D53A12A4E06A}.Release|ARM.Deploy.0 = Release|ARM
		{0C28E02A-35FC-46C9-8F39-D53A12A4E06A}.Release|iPhone.ActiveCfg = Release|x86
		{0C28E02A-35FC-46C9-8F39-D53A12A4E06A}.Release|iPhone.Build.0 = Release|x86
		{0C28E02A-35FC-46C9-8F39-D53A12A4E06A}.Release|iPhone.Deploy.0 = Release|x86
		{0C28E02A-35FC-46C9-8F39-D53A12A4E06A}.Release|iPhoneSimulator.ActiveCfg = Release|x86
		{0C28E02A-35FC-46C9-8F39-D53A12A4E06A}.Release|iPhoneSimulator.Build.0 = Release|x86
		{0C28E02A-35FC-46C9-8F39-D53A12A4E06A}.Release|iPhoneSimulator.Deploy.0 = Release|x86
		{0C28E02A-35FC-46C9-8F39-D53A12A4E06A}.Release|x64.ActiveCfg = Release|x64
		{0C28E02A-35FC-46C9-8F39-D53A12A4E06A}.Release|x64.Build.0 = Release|x64
		{0C28E02A-35FC-46C9-8F39-D53A12A4E06A}.Release|x64.Deploy.0 = Release|x64
		{0C28E02A-35FC-46C9-8F39-D53A12A4E06A}.Release|x86.ActiveCfg = Release|x86
		{0C28E02A-35FC-46C9-8F39-D53A12A4E06A}.Release|x86.Build.0 = Release|x86
		{0C28E02A-35FC-46C9-8F39-D53A12A4E06A}.Release|x86.Deploy.0 = Release|x86
		{33EC7119-5008-4B0A-AADB-EBAC03DDFD37}.Debug|Any CPU.ActiveCfg = Debug|Any CPU
		{33EC7119-5008-4B0A-AADB-EBAC03DDFD37}.Debug|Any CPU.Build.0 = Debug|Any CPU
		{33EC7119-5008-4B0A-AADB-EBAC03DDFD37}.Debug|Any CPU.Deploy.0 = Debug|Any CPU
		{33EC7119-5008-4B0A-AADB-EBAC03DDFD37}.Debug|ARM.ActiveCfg = Debug|Any CPU
		{33EC7119-5008-4B0A-AADB-EBAC03DDFD37}.Debug|ARM.Build.0 = Debug|Any CPU
		{33EC7119-5008-4B0A-AADB-EBAC03DDFD37}.Debug|ARM.Deploy.0 = Debug|Any CPU
		{33EC7119-5008-4B0A-AADB-EBAC03DDFD37}.Debug|iPhone.ActiveCfg = Debug|Any CPU
		{33EC7119-5008-4B0A-AADB-EBAC03DDFD37}.Debug|iPhone.Build.0 = Debug|Any CPU
		{33EC7119-5008-4B0A-AADB-EBAC03DDFD37}.Debug|iPhone.Deploy.0 = Debug|Any CPU
		{33EC7119-5008-4B0A-AADB-EBAC03DDFD37}.Debug|iPhoneSimulator.ActiveCfg = Debug|Any CPU
		{33EC7119-5008-4B0A-AADB-EBAC03DDFD37}.Debug|iPhoneSimulator.Build.0 = Debug|Any CPU
		{33EC7119-5008-4B0A-AADB-EBAC03DDFD37}.Debug|iPhoneSimulator.Deploy.0 = Debug|Any CPU
		{33EC7119-5008-4B0A-AADB-EBAC03DDFD37}.Debug|x64.ActiveCfg = Debug|Any CPU
		{33EC7119-5008-4B0A-AADB-EBAC03DDFD37}.Debug|x64.Build.0 = Debug|Any CPU
		{33EC7119-5008-4B0A-AADB-EBAC03DDFD37}.Debug|x64.Deploy.0 = Debug|Any CPU
		{33EC7119-5008-4B0A-AADB-EBAC03DDFD37}.Debug|x86.ActiveCfg = Debug|Any CPU
		{33EC7119-5008-4B0A-AADB-EBAC03DDFD37}.Debug|x86.Build.0 = Debug|Any CPU
		{33EC7119-5008-4B0A-AADB-EBAC03DDFD37}.Debug|x86.Deploy.0 = Debug|Any CPU
		{33EC7119-5008-4B0A-AADB-EBAC03DDFD37}.Release|Any CPU.ActiveCfg = Release|Any CPU
		{33EC7119-5008-4B0A-AADB-EBAC03DDFD37}.Release|Any CPU.Build.0 = Release|Any CPU
		{33EC7119-5008-4B0A-AADB-EBAC03DDFD37}.Release|Any CPU.Deploy.0 = Release|Any CPU
		{33EC7119-5008-4B0A-AADB-EBAC03DDFD37}.Release|ARM.ActiveCfg = Release|Any CPU
		{33EC7119-5008-4B0A-AADB-EBAC03DDFD37}.Release|ARM.Build.0 = Release|Any CPU
		{33EC7119-5008-4B0A-AADB-EBAC03DDFD37}.Release|ARM.Deploy.0 = Release|Any CPU
		{33EC7119-5008-4B0A-AADB-EBAC03DDFD37}.Release|iPhone.ActiveCfg = Release|Any CPU
		{33EC7119-5008-4B0A-AADB-EBAC03DDFD37}.Release|iPhone.Build.0 = Release|Any CPU
		{33EC7119-5008-4B0A-AADB-EBAC03DDFD37}.Release|iPhone.Deploy.0 = Release|Any CPU
		{33EC7119-5008-4B0A-AADB-EBAC03DDFD37}.Release|iPhoneSimulator.ActiveCfg = Release|Any CPU
		{33EC7119-5008-4B0A-AADB-EBAC03DDFD37}.Release|iPhoneSimulator.Build.0 = Release|Any CPU
		{33EC7119-5008-4B0A-AADB-EBAC03DDFD37}.Release|iPhoneSimulator.Deploy.0 = Release|Any CPU
		{33EC7119-5008-4B0A-AADB-EBAC03DDFD37}.Release|x64.ActiveCfg = Release|Any CPU
		{33EC7119-5008-4B0A-AADB-EBAC03DDFD37}.Release|x64.Build.0 = Release|Any CPU
		{33EC7119-5008-4B0A-AADB-EBAC03DDFD37}.Release|x64.Deploy.0 = Release|Any CPU
		{33EC7119-5008-4B0A-AADB-EBAC03DDFD37}.Release|x86.ActiveCfg = Release|Any CPU
		{33EC7119-5008-4B0A-AADB-EBAC03DDFD37}.Release|x86.Build.0 = Release|Any CPU
		{33EC7119-5008-4B0A-AADB-EBAC03DDFD37}.Release|x86.Deploy.0 = Release|Any CPU
		{E20F2194-C67D-4BB4-9929-F8D830DD9DFE}.Debug|Any CPU.ActiveCfg = Debug|iPhone
		{E20F2194-C67D-4BB4-9929-F8D830DD9DFE}.Debug|Any CPU.Build.0 = Debug|iPhone
		{E20F2194-C67D-4BB4-9929-F8D830DD9DFE}.Debug|Any CPU.Deploy.0 = Debug|iPhone
		{E20F2194-C67D-4BB4-9929-F8D830DD9DFE}.Debug|ARM.ActiveCfg = Debug|iPhoneSimulator
		{E20F2194-C67D-4BB4-9929-F8D830DD9DFE}.Debug|ARM.Build.0 = Debug|iPhoneSimulator
		{E20F2194-C67D-4BB4-9929-F8D830DD9DFE}.Debug|ARM.Deploy.0 = Debug|iPhoneSimulator
		{E20F2194-C67D-4BB4-9929-F8D830DD9DFE}.Debug|iPhone.ActiveCfg = Debug|iPhone
		{E20F2194-C67D-4BB4-9929-F8D830DD9DFE}.Debug|iPhone.Build.0 = Debug|iPhone
		{E20F2194-C67D-4BB4-9929-F8D830DD9DFE}.Debug|iPhone.Deploy.0 = Debug|iPhone
		{E20F2194-C67D-4BB4-9929-F8D830DD9DFE}.Debug|iPhoneSimulator.ActiveCfg = Debug|iPhoneSimulator
		{E20F2194-C67D-4BB4-9929-F8D830DD9DFE}.Debug|iPhoneSimulator.Build.0 = Debug|iPhoneSimulator
		{E20F2194-C67D-4BB4-9929-F8D830DD9DFE}.Debug|iPhoneSimulator.Deploy.0 = Debug|iPhoneSimulator
		{E20F2194-C67D-4BB4-9929-F8D830DD9DFE}.Debug|x64.ActiveCfg = Debug|iPhone
		{E20F2194-C67D-4BB4-9929-F8D830DD9DFE}.Debug|x64.Build.0 = Debug|iPhone
		{E20F2194-C67D-4BB4-9929-F8D830DD9DFE}.Debug|x64.Deploy.0 = Debug|iPhone
		{E20F2194-C67D-4BB4-9929-F8D830DD9DFE}.Debug|x86.ActiveCfg = Debug|iPhone
		{E20F2194-C67D-4BB4-9929-F8D830DD9DFE}.Debug|x86.Build.0 = Debug|iPhone
		{E20F2194-C67D-4BB4-9929-F8D830DD9DFE}.Debug|x86.Deploy.0 = Debug|iPhone
		{E20F2194-C67D-4BB4-9929-F8D830DD9DFE}.Release|Any CPU.ActiveCfg = Release|iPhone
		{E20F2194-C67D-4BB4-9929-F8D830DD9DFE}.Release|Any CPU.Build.0 = Release|iPhone
		{E20F2194-C67D-4BB4-9929-F8D830DD9DFE}.Release|Any CPU.Deploy.0 = Release|iPhone
		{E20F2194-C67D-4BB4-9929-F8D830DD9DFE}.Release|ARM.ActiveCfg = Release|iPhone
		{E20F2194-C67D-4BB4-9929-F8D830DD9DFE}.Release|ARM.Build.0 = Release|iPhone
		{E20F2194-C67D-4BB4-9929-F8D830DD9DFE}.Release|ARM.Deploy.0 = Release|iPhone
		{E20F2194-C67D-4BB4-9929-F8D830DD9DFE}.Release|iPhone.ActiveCfg = Release|iPhone
		{E20F2194-C67D-4BB4-9929-F8D830DD9DFE}.Release|iPhone.Build.0 = Release|iPhone
		{E20F2194-C67D-4BB4-9929-F8D830DD9DFE}.Release|iPhone.Deploy.0 = Release|iPhone
		{E20F2194-C67D-4BB4-9929-F8D830DD9DFE}.Release|iPhoneSimulator.ActiveCfg = Release|iPhoneSimulator
		{E20F2194-C67D-4BB4-9929-F8D830DD9DFE}.Release|iPhoneSimulator.Build.0 = Release|iPhoneSimulator
		{E20F2194-C67D-4BB4-9929-F8D830DD9DFE}.Release|iPhoneSimulator.Deploy.0 = Release|iPhoneSimulator
		{E20F2194-C67D-4BB4-9929-F8D830DD9DFE}.Release|x64.ActiveCfg = Release|iPhone
		{E20F2194-C67D-4BB4-9929-F8D830DD9DFE}.Release|x64.Build.0 = Release|iPhone
		{E20F2194-C67D-4BB4-9929-F8D830DD9DFE}.Release|x64.Deploy.0 = Release|iPhone
		{E20F2194-C67D-4BB4-9929-F8D830DD9DFE}.Release|x86.ActiveCfg = Release|iPhone
		{E20F2194-C67D-4BB4-9929-F8D830DD9DFE}.Release|x86.Build.0 = Release|iPhone
		{E20F2194-C67D-4BB4-9929-F8D830DD9DFE}.Release|x86.Deploy.0 = Release|iPhone
		{25BEB5E7-8155-4778-B537-1DB3D58AB938}.Debug|Any CPU.ActiveCfg = Debug|Any CPU
		{25BEB5E7-8155-4778-B537-1DB3D58AB938}.Debug|Any CPU.Build.0 = Debug|Any CPU
		{25BEB5E7-8155-4778-B537-1DB3D58AB938}.Debug|Any CPU.Deploy.0 = Debug|Any CPU
		{25BEB5E7-8155-4778-B537-1DB3D58AB938}.Debug|ARM.ActiveCfg = Debug|Any CPU
		{25BEB5E7-8155-4778-B537-1DB3D58AB938}.Debug|ARM.Build.0 = Debug|Any CPU
		{25BEB5E7-8155-4778-B537-1DB3D58AB938}.Debug|ARM.Deploy.0 = Debug|Any CPU
		{25BEB5E7-8155-4778-B537-1DB3D58AB938}.Debug|iPhone.ActiveCfg = Debug|Any CPU
		{25BEB5E7-8155-4778-B537-1DB3D58AB938}.Debug|iPhone.Build.0 = Debug|Any CPU
		{25BEB5E7-8155-4778-B537-1DB3D58AB938}.Debug|iPhone.Deploy.0 = Debug|Any CPU
		{25BEB5E7-8155-4778-B537-1DB3D58AB938}.Debug|iPhoneSimulator.ActiveCfg = Debug|Any CPU
		{25BEB5E7-8155-4778-B537-1DB3D58AB938}.Debug|iPhoneSimulator.Build.0 = Debug|Any CPU
		{25BEB5E7-8155-4778-B537-1DB3D58AB938}.Debug|iPhoneSimulator.Deploy.0 = Debug|Any CPU
		{25BEB5E7-8155-4778-B537-1DB3D58AB938}.Debug|x64.ActiveCfg = Debug|Any CPU
		{25BEB5E7-8155-4778-B537-1DB3D58AB938}.Debug|x64.Build.0 = Debug|Any CPU
		{25BEB5E7-8155-4778-B537-1DB3D58AB938}.Debug|x64.Deploy.0 = Debug|Any CPU
		{25BEB5E7-8155-4778-B537-1DB3D58AB938}.Debug|x86.ActiveCfg = Debug|Any CPU
		{25BEB5E7-8155-4778-B537-1DB3D58AB938}.Debug|x86.Build.0 = Debug|Any CPU
		{25BEB5E7-8155-4778-B537-1DB3D58AB938}.Debug|x86.Deploy.0 = Debug|Any CPU
		{25BEB5E7-8155-4778-B537-1DB3D58AB938}.Release|Any CPU.ActiveCfg = Release|Any CPU
		{25BEB5E7-8155-4778-B537-1DB3D58AB938}.Release|Any CPU.Build.0 = Release|Any CPU
		{25BEB5E7-8155-4778-B537-1DB3D58AB938}.Release|Any CPU.Deploy.0 = Release|Any CPU
		{25BEB5E7-8155-4778-B537-1DB3D58AB938}.Release|ARM.ActiveCfg = Release|Any CPU
		{25BEB5E7-8155-4778-B537-1DB3D58AB938}.Release|ARM.Build.0 = Release|Any CPU
		{25BEB5E7-8155-4778-B537-1DB3D58AB938}.Release|ARM.Deploy.0 = Release|Any CPU
		{25BEB5E7-8155-4778-B537-1DB3D58AB938}.Release|iPhone.ActiveCfg = Release|Any CPU
		{25BEB5E7-8155-4778-B537-1DB3D58AB938}.Release|iPhone.Build.0 = Release|Any CPU
		{25BEB5E7-8155-4778-B537-1DB3D58AB938}.Release|iPhone.Deploy.0 = Release|Any CPU
		{25BEB5E7-8155-4778-B537-1DB3D58AB938}.Release|iPhoneSimulator.ActiveCfg = Release|Any CPU
		{25BEB5E7-8155-4778-B537-1DB3D58AB938}.Release|iPhoneSimulator.Build.0 = Release|Any CPU
		{25BEB5E7-8155-4778-B537-1DB3D58AB938}.Release|iPhoneSimulator.Deploy.0 = Release|Any CPU
		{25BEB5E7-8155-4778-B537-1DB3D58AB938}.Release|x64.ActiveCfg = Release|Any CPU
		{25BEB5E7-8155-4778-B537-1DB3D58AB938}.Release|x64.Build.0 = Release|Any CPU
		{25BEB5E7-8155-4778-B537-1DB3D58AB938}.Release|x64.Deploy.0 = Release|Any CPU
		{25BEB5E7-8155-4778-B537-1DB3D58AB938}.Release|x86.ActiveCfg = Release|Any CPU
		{25BEB5E7-8155-4778-B537-1DB3D58AB938}.Release|x86.Build.0 = Release|Any CPU
		{25BEB5E7-8155-4778-B537-1DB3D58AB938}.Release|x86.Deploy.0 = Release|Any CPU
		{AE2C853C-3F2E-40D1-9CF7-5CEB6C2A2384}.Debug|Any CPU.ActiveCfg = Debug|Any CPU
		{AE2C853C-3F2E-40D1-9CF7-5CEB6C2A2384}.Debug|Any CPU.Build.0 = Debug|Any CPU
		{AE2C853C-3F2E-40D1-9CF7-5CEB6C2A2384}.Debug|ARM.ActiveCfg = Debug|Any CPU
		{AE2C853C-3F2E-40D1-9CF7-5CEB6C2A2384}.Debug|ARM.Build.0 = Debug|Any CPU
		{AE2C853C-3F2E-40D1-9CF7-5CEB6C2A2384}.Debug|iPhone.ActiveCfg = Debug|Any CPU
		{AE2C853C-3F2E-40D1-9CF7-5CEB6C2A2384}.Debug|iPhone.Build.0 = Debug|Any CPU
		{AE2C853C-3F2E-40D1-9CF7-5CEB6C2A2384}.Debug|iPhoneSimulator.ActiveCfg = Debug|Any CPU
		{AE2C853C-3F2E-40D1-9CF7-5CEB6C2A2384}.Debug|iPhoneSimulator.Build.0 = Debug|Any CPU
		{AE2C853C-3F2E-40D1-9CF7-5CEB6C2A2384}.Debug|x64.ActiveCfg = Debug|Any CPU
		{AE2C853C-3F2E-40D1-9CF7-5CEB6C2A2384}.Debug|x64.Build.0 = Debug|Any CPU
		{AE2C853C-3F2E-40D1-9CF7-5CEB6C2A2384}.Debug|x86.ActiveCfg = Debug|Any CPU
		{AE2C853C-3F2E-40D1-9CF7-5CEB6C2A2384}.Debug|x86.Build.0 = Debug|Any CPU
		{AE2C853C-3F2E-40D1-9CF7-5CEB6C2A2384}.Release|Any CPU.ActiveCfg = Release|Any CPU
		{AE2C853C-3F2E-40D1-9CF7-5CEB6C2A2384}.Release|Any CPU.Build.0 = Release|Any CPU
		{AE2C853C-3F2E-40D1-9CF7-5CEB6C2A2384}.Release|ARM.ActiveCfg = Release|Any CPU
		{AE2C853C-3F2E-40D1-9CF7-5CEB6C2A2384}.Release|ARM.Build.0 = Release|Any CPU
		{AE2C853C-3F2E-40D1-9CF7-5CEB6C2A2384}.Release|iPhone.ActiveCfg = Release|Any CPU
		{AE2C853C-3F2E-40D1-9CF7-5CEB6C2A2384}.Release|iPhone.Build.0 = Release|Any CPU
		{AE2C853C-3F2E-40D1-9CF7-5CEB6C2A2384}.Release|iPhoneSimulator.ActiveCfg = Release|Any CPU
		{AE2C853C-3F2E-40D1-9CF7-5CEB6C2A2384}.Release|iPhoneSimulator.Build.0 = Release|Any CPU
		{AE2C853C-3F2E-40D1-9CF7-5CEB6C2A2384}.Release|x64.ActiveCfg = Release|Any CPU
		{AE2C853C-3F2E-40D1-9CF7-5CEB6C2A2384}.Release|x64.Build.0 = Release|Any CPU
		{AE2C853C-3F2E-40D1-9CF7-5CEB6C2A2384}.Release|x86.ActiveCfg = Release|Any CPU
		{AE2C853C-3F2E-40D1-9CF7-5CEB6C2A2384}.Release|x86.Build.0 = Release|Any CPU
	EndGlobalSection
	GlobalSection(SolutionProperties) = preSolution
		HideSolutionNode = FALSE
	EndGlobalSection
	GlobalSection(ExtensibilityGlobals) = postSolution
		SolutionGuid = {A3B9390B-DD11-4C1F-B097-D3056E7C9D09}
	EndGlobalSection
EndGlobal
